// !$*UTF8*$!
{
	archiveVersion = 1;
	classes = {
	};
	objectVersion = 48;
	objects = {

/* Begin PBXBuildFile section */
		DA9EF73A1F8728B000732115 /* DelegatePattern.swift in Sources */ = {isa = PBXBuildFile; fileRef = DA9EF7391F8728B000732115 /* DelegatePattern.swift */; };
		DAB65A3F1F835C140030D0F5 /* SingletonPattern.swift in Sources */ = {isa = PBXBuildFile; fileRef = DAB65A3E1F835C130030D0F5 /* SingletonPattern.swift */; };
		DAC702951F8C9E570033EB44 /* FactoryPattern.swift in Sources */ = {isa = PBXBuildFile; fileRef = DAC702941F8C9E570033EB44 /* FactoryPattern.swift */; };
		DAEBDCAF1F833BF5002D1F28 /* AppDelegate.swift in Sources */ = {isa = PBXBuildFile; fileRef = DAEBDCAE1F833BF5002D1F28 /* AppDelegate.swift */; };
		DAEBDCB11F833BF5002D1F28 /* ViewController.swift in Sources */ = {isa = PBXBuildFile; fileRef = DAEBDCB01F833BF5002D1F28 /* ViewController.swift */; };
		DAEBDCB41F833BF5002D1F28 /* Main.storyboard in Resources */ = {isa = PBXBuildFile; fileRef = DAEBDCB21F833BF5002D1F28 /* Main.storyboard */; };
		DAEBDCB61F833BF5002D1F28 /* Assets.xcassets in Resources */ = {isa = PBXBuildFile; fileRef = DAEBDCB51F833BF5002D1F28 /* Assets.xcassets */; };
		DAEBDCB91F833BF5002D1F28 /* LaunchScreen.storyboard in Resources */ = {isa = PBXBuildFile; fileRef = DAEBDCB71F833BF5002D1F28 /* LaunchScreen.storyboard */; };
		DAEBDCC41F833BF5002D1F28 /* PatternPracticeTests.swift in Sources */ = {isa = PBXBuildFile; fileRef = DAEBDCC31F833BF5002D1F28 /* PatternPracticeTests.swift */; };
		DAEBDCCF1F833BF5002D1F28 /* PatternPracticeUITests.swift in Sources */ = {isa = PBXBuildFile; fileRef = DAEBDCCE1F833BF5002D1F28 /* PatternPracticeUITests.swift */; };
/* End PBXBuildFile section */

/* Begin PBXContainerItemProxy section */
		DAEBDCC01F833BF5002D1F28 /* PBXContainerItemProxy */ = {
			isa = PBXContainerItemProxy;
			containerPortal = DAEBDCA31F833BF4002D1F28 /* Project object */;
			proxyType = 1;
			remoteGlobalIDString = DAEBDCAA1F833BF5002D1F28;
			remoteInfo = PatternPractice;
		};
		DAEBDCCB1F833BF5002D1F28 /* PBXContainerItemProxy */ = {
			isa = PBXContainerItemProxy;
			containerPortal = DAEBDCA31F833BF4002D1F28 /* Project object */;
			proxyType = 1;
			remoteGlobalIDString = DAEBDCAA1F833BF5002D1F28;
			remoteInfo = PatternPractice;
		};
/* End PBXContainerItemProxy section */

/* Begin PBXFileReference section */
		DA9EF7391F8728B000732115 /* DelegatePattern.swift */ = {isa = PBXFileReference; lastKnownFileType = sourcecode.swift; path = DelegatePattern.swift; sourceTree = "<group>"; };
		DAB65A3E1F835C130030D0F5 /* SingletonPattern.swift */ = {isa = PBXFileReference; lastKnownFileType = sourcecode.swift; path = SingletonPattern.swift; sourceTree = "<group>"; };
		DAC702941F8C9E570033EB44 /* FactoryPattern.swift */ = {isa = PBXFileReference; lastKnownFileType = sourcecode.swift; path = FactoryPattern.swift; sourceTree = "<group>"; };
		DAEBDCAB1F833BF5002D1F28 /* PatternPractice.app */ = {isa = PBXFileReference; explicitFileType = wrapper.application; includeInIndex = 0; path = PatternPractice.app; sourceTree = BUILT_PRODUCTS_DIR; };
		DAEBDCAE1F833BF5002D1F28 /* AppDelegate.swift */ = {isa = PBXFileReference; lastKnownFileType = sourcecode.swift; path = AppDelegate.swift; sourceTree = "<group>"; };
		DAEBDCB01F833BF5002D1F28 /* ViewController.swift */ = {isa = PBXFileReference; lastKnownFileType = sourcecode.swift; path = ViewController.swift; sourceTree = "<group>"; };
		DAEBDCB31F833BF5002D1F28 /* Base */ = {isa = PBXFileReference; lastKnownFileType = file.storyboard; name = Base; path = Base.lproj/Main.storyboard; sourceTree = "<group>"; };
		DAEBDCB51F833BF5002D1F28 /* Assets.xcassets */ = {isa = PBXFileReference; lastKnownFileType = folder.assetcatalog; path = Assets.xcassets; sourceTree = "<group>"; };
		DAEBDCB81F833BF5002D1F28 /* Base */ = {isa = PBXFileReference; lastKnownFileType = file.storyboard; name = Base; path = Base.lproj/LaunchScreen.storyboard; sourceTree = "<group>"; };
		DAEBDCBA1F833BF5002D1F28 /* Info.plist */ = {isa = PBXFileReference; lastKnownFileType = text.plist.xml; path = Info.plist; sourceTree = "<group>"; };
		DAEBDCBF1F833BF5002D1F28 /* PatternPracticeTests.xctest */ = {isa = PBXFileReference; explicitFileType = wrapper.cfbundle; includeInIndex = 0; path = PatternPracticeTests.xctest; sourceTree = BUILT_PRODUCTS_DIR; };
		DAEBDCC31F833BF5002D1F28 /* PatternPracticeTests.swift */ = {isa = PBXFileReference; lastKnownFileType = sourcecode.swift; path = PatternPracticeTests.swift; sourceTree = "<group>"; };
		DAEBDCC51F833BF5002D1F28 /* Info.plist */ = {isa = PBXFileReference; lastKnownFileType = text.plist.xml; path = Info.plist; sourceTree = "<group>"; };
		DAEBDCCA1F833BF5002D1F28 /* PatternPracticeUITests.xctest */ = {isa = PBXFileReference; explicitFileType = wrapper.cfbundle; includeInIndex = 0; path = PatternPracticeUITests.xctest; sourceTree = BUILT_PRODUCTS_DIR; };
		DAEBDCCE1F833BF5002D1F28 /* PatternPracticeUITests.swift */ = {isa = PBXFileReference; lastKnownFileType = sourcecode.swift; path = PatternPracticeUITests.swift; sourceTree = "<group>"; };
		DAEBDCD01F833BF5002D1F28 /* Info.plist */ = {isa = PBXFileReference; lastKnownFileType = text.plist.xml; path = Info.plist; sourceTree = "<group>"; };
/* End PBXFileReference section */

/* Begin PBXFrameworksBuildPhase section */
		DAEBDCA81F833BF5002D1F28 /* Frameworks */ = {
			isa = PBXFrameworksBuildPhase;
			buildActionMask = 2147483647;
			files = (
			);
			runOnlyForDeploymentPostprocessing = 0;
		};
		DAEBDCBC1F833BF5002D1F28 /* Frameworks */ = {
			isa = PBXFrameworksBuildPhase;
			buildActionMask = 2147483647;
			files = (
			);
			runOnlyForDeploymentPostprocessing = 0;
		};
		DAEBDCC71F833BF5002D1F28 /* Frameworks */ = {
			isa = PBXFrameworksBuildPhase;
			buildActionMask = 2147483647;
			files = (
			);
			runOnlyForDeploymentPostprocessing = 0;
		};
/* End PBXFrameworksBuildPhase section */

/* Begin PBXGroup section */
		DAEBDCA21F833BF4002D1F28 = {
			isa = PBXGroup;
			children = (
				DAEBDCAD1F833BF5002D1F28 /* PatternPractice */,
				DAEBDCC21F833BF5002D1F28 /* PatternPracticeTests */,
				DAEBDCCD1F833BF5002D1F28 /* PatternPracticeUITests */,
				DAEBDCAC1F833BF5002D1F28 /* Products */,
			);
			sourceTree = "<group>";
		};
		DAEBDCAC1F833BF5002D1F28 /* Products */ = {
			isa = PBXGroup;
			children = (
				DAEBDCAB1F833BF5002D1F28 /* PatternPractice.app */,
				DAEBDCBF1F833BF5002D1F28 /* PatternPracticeTests.xctest */,
				DAEBDCCA1F833BF5002D1F28 /* PatternPracticeUITests.xctest */,
			);
			name = Products;
			sourceTree = "<group>";
		};
		DAEBDCAD1F833BF5002D1F28 /* PatternPractice */ = {
			isa = PBXGroup;
			children = (
				DAEBDCDC1F833C2B002D1F28 /* OtherFiles */,
				DAEBDCB01F833BF5002D1F28 /* ViewController.swift */,
				DAEBDCB21F833BF5002D1F28 /* Main.storyboard */,
				DAB65A3E1F835C130030D0F5 /* SingletonPattern.swift */,
				DA9EF7391F8728B000732115 /* DelegatePattern.swift */,
				DAC702941F8C9E570033EB44 /* FactoryPattern.swift */,
			);
			path = PatternPractice;
			sourceTree = "<group>";
		};
		DAEBDCC21F833BF5002D1F28 /* PatternPracticeTests */ = {
			isa = PBXGroup;
			children = (
				DAEBDCC31F833BF5002D1F28 /* PatternPracticeTests.swift */,
				DAEBDCC51F833BF5002D1F28 /* Info.plist */,
			);
			path = PatternPracticeTests;
			sourceTree = "<group>";
		};
		DAEBDCCD1F833BF5002D1F28 /* PatternPracticeUITests */ = {
			isa = PBXGroup;
			children = (
				DAEBDCCE1F833BF5002D1F28 /* PatternPracticeUITests.swift */,
				DAEBDCD01F833BF5002D1F28 /* Info.plist */,
			);
			path = PatternPracticeUITests;
			sourceTree = "<group>";
		};
		DAEBDCDC1F833C2B002D1F28 /* OtherFiles */ = {
			isa = PBXGroup;
			children = (
				DAEBDCAE1F833BF5002D1F28 /* AppDelegate.swift */,
				DAEBDCB51F833BF5002D1F28 /* Assets.xcassets */,
				DAEBDCB71F833BF5002D1F28 /* LaunchScreen.storyboard */,
				DAEBDCBA1F833BF5002D1F28 /* Info.plist */,
			);
			path = OtherFiles;
			sourceTree = "<group>";
		};
/* End PBXGroup section */

/* Begin PBXNativeTarget section */
		DAEBDCAA1F833BF5002D1F28 /* PatternPractice */ = {
			isa = PBXNativeTarget;
			buildConfigurationList = DAEBDCD31F833BF5002D1F28 /* Build configuration list for PBXNativeTarget "PatternPractice" */;
			buildPhases = (
				DAEBDCA71F833BF5002D1F28 /* Sources */,
				DAEBDCA81F833BF5002D1F28 /* Frameworks */,
				DAEBDCA91F833BF5002D1F28 /* Resources */,
			);
			buildRules = (
			);
			dependencies = (
			);
			name = PatternPractice;
			productName = PatternPractice;
			productReference = DAEBDCAB1F833BF5002D1F28 /* PatternPractice.app */;
			productType = "com.apple.product-type.application";
		};
		DAEBDCBE1F833BF5002D1F28 /* PatternPracticeTests */ = {
			isa = PBXNativeTarget;
			buildConfigurationList = DAEBDCD61F833BF5002D1F28 /* Build configuration list for PBXNativeTarget "PatternPracticeTests" */;
			buildPhases = (
				DAEBDCBB1F833BF5002D1F28 /* Sources */,
				DAEBDCBC1F833BF5002D1F28 /* Frameworks */,
				DAEBDCBD1F833BF5002D1F28 /* Resources */,
			);
			buildRules = (
			);
			dependencies = (
				DAEBDCC11F833BF5002D1F28 /* PBXTargetDependency */,
			);
			name = PatternPracticeTests;
			productName = PatternPracticeTests;
			productReference = DAEBDCBF1F833BF5002D1F28 /* PatternPracticeTests.xctest */;
			productType = "com.apple.product-type.bundle.unit-test";
		};
		DAEBDCC91F833BF5002D1F28 /* PatternPracticeUITests */ = {
			isa = PBXNativeTarget;
			buildConfigurationList = DAEBDCD91F833BF5002D1F28 /* Build configuration list for PBXNativeTarget "PatternPracticeUITests" */;
			buildPhases = (
				DAEBDCC61F833BF5002D1F28 /* Sources */,
				DAEBDCC71F833BF5002D1F28 /* Frameworks */,
				DAEBDCC81F833BF5002D1F28 /* Resources */,
			);
			buildRules = (
			);
			dependencies = (
				DAEBDCCC1F833BF5002D1F28 /* PBXTargetDependency */,
			);
			name = PatternPracticeUITests;
			productName = PatternPracticeUITests;
			productReference = DAEBDCCA1F833BF5002D1F28 /* PatternPracticeUITests.xctest */;
			productType = "com.apple.product-type.bundle.ui-testing";
		};
/* End PBXNativeTarget section */

/* Begin PBXProject section */
		DAEBDCA31F833BF4002D1F28 /* Project object */ = {
			isa = PBXProject;
			attributes = {
				LastSwiftUpdateCheck = 0900;
				LastUpgradeCheck = 0900;
				ORGANIZATIONNAME = "jeon sangjun";
				TargetAttributes = {
					DAEBDCAA1F833BF5002D1F28 = {
						CreatedOnToolsVersion = 9.0;
						ProvisioningStyle = Automatic;
					};
					DAEBDCBE1F833BF5002D1F28 = {
						CreatedOnToolsVersion = 9.0;
						ProvisioningStyle = Automatic;
						TestTargetID = DAEBDCAA1F833BF5002D1F28;
					};
					DAEBDCC91F833BF5002D1F28 = {
						CreatedOnToolsVersion = 9.0;
						ProvisioningStyle = Automatic;
						TestTargetID = DAEBDCAA1F833BF5002D1F28;
					};
				};
			};
			buildConfigurationList = DAEBDCA61F833BF4002D1F28 /* Build configuration list for PBXProject "PatternPractice" */;
			compatibilityVersion = "Xcode 8.0";
			developmentRegion = en;
			hasScannedForEncodings = 0;
			knownRegions = (
				en,
				Base,
			);
			mainGroup = DAEBDCA21F833BF4002D1F28;
			productRefGroup = DAEBDCAC1F833BF5002D1F28 /* Products */;
			projectDirPath = "";
			projectRoot = "";
			targets = (
				DAEBDCAA1F833BF5002D1F28 /* PatternPractice */,
				DAEBDCBE1F833BF5002D1F28 /* PatternPracticeTests */,
				DAEBDCC91F833BF5002D1F28 /* PatternPracticeUITests */,
			);
		};
/* End PBXProject section */

/* Begin PBXResourcesBuildPhase section */
		DAEBDCA91F833BF5002D1F28 /* Resources */ = {
			isa = PBXResourcesBuildPhase;
			buildActionMask = 2147483647;
			files = (
				DAEBDCB91F833BF5002D1F28 /* LaunchScreen.storyboard in Resources */,
				DAEBDCB61F833BF5002D1F28 /* Assets.xcassets in Resources */,
				DAEBDCB41F833BF5002D1F28 /* Main.storyboard in Resources */,
			);
			runOnlyForDeploymentPostprocessing = 0;
		};
		DAEBDCBD1F833BF5002D1F28 /* Resources */ = {
			isa = PBXResourcesBuildPhase;
			buildActionMask = 2147483647;
			files = (
			);
			runOnlyForDeploymentPostprocessing = 0;
		};
		DAEBDCC81F833BF5002D1F28 /* Resources */ = {
			isa = PBXResourcesBuildPhase;
			buildActionMask = 2147483647;
			files = (
			);
			runOnlyForDeploymentPostprocessing = 0;
		};
/* End PBXResourcesBuildPhase section */

/* Begin PBXSourcesBuildPhase section */
		DAEBDCA71F833BF5002D1F28 /* Sources */ = {
			isa = PBXSourcesBuildPhase;
			buildActionMask = 2147483647;
			files = (
				DAEBDCB11F833BF5002D1F28 /* ViewController.swift in Sources */,
				DAC702951F8C9E570033EB44 /* FactoryPattern.swift in Sources */,
				DA9EF73A1F8728B000732115 /* DelegatePattern.swift in Sources */,
				DAEBDCAF1F833BF5002D1F28 /* AppDelegate.swift in Sources */,
				DAB65A3F1F835C140030D0F5 /* SingletonPattern.swift in Sources */,
			);
			runOnlyForDeploymentPostprocessing = 0;
		};
		DAEBDCBB1F833BF5002D1F28 /* Sources */ = {
			isa = PBXSourcesBuildPhase;
			buildActionMask = 2147483647;
			files = (
				DAEBDCC41F833BF5002D1F28 /* PatternPracticeTests.swift in Sources */,
			);
			runOnlyForDeploymentPostprocessing = 0;
		};
		DAEBDCC61F833BF5002D1F28 /* Sources */ = {
			isa = PBXSourcesBuildPhase;
			buildActionMask = 2147483647;
			files = (
				DAEBDCCF1F833BF5002D1F28 /* PatternPracticeUITests.swift in Sources */,
			);
			runOnlyForDeploymentPostprocessing = 0;
		};
/* End PBXSourcesBuildPhase section */

/* Begin PBXTargetDependency section */
		DAEBDCC11F833BF5002D1F28 /* PBXTargetDependency */ = {
			isa = PBXTargetDependency;
			target = DAEBDCAA1F833BF5002D1F28 /* PatternPractice */;
			targetProxy = DAEBDCC01F833BF5002D1F28 /* PBXContainerItemProxy */;
		};
		DAEBDCCC1F833BF5002D1F28 /* PBXTargetDependency */ = {
			isa = PBXTargetDependency;
			target = DAEBDCAA1F833BF5002D1F28 /* PatternPractice */;
			targetProxy = DAEBDCCB1F833BF5002D1F28 /* PBXContainerItemProxy */;
		};
/* End PBXTargetDependency section */

/* Begin PBXVariantGroup section */
		DAEBDCB21F833BF5002D1F28 /* Main.storyboard */ = {
			isa = PBXVariantGroup;
			children = (
				DAEBDCB31F833BF5002D1F28 /* Base */,
			);
			name = Main.storyboard;
			sourceTree = "<group>";
		};
		DAEBDCB71F833BF5002D1F28 /* LaunchScreen.storyboard */ = {
			isa = PBXVariantGroup;
			children = (
				DAEBDCB81F833BF5002D1F28 /* Base */,
			);
			name = LaunchScreen.storyboard;
			sourceTree = "<group>";
		};
/* End PBXVariantGroup section */

/* Begin XCBuildConfiguration section */
		DAEBDCD11F833BF5002D1F28 /* Debug */ = {
			isa = XCBuildConfiguration;
			buildSettings = {
				ALWAYS_SEARCH_USER_PATHS = NO;
				CLANG_ANALYZER_NONNULL = YES;
				CLANG_ANALYZER_NUMBER_OBJECT_CONVERSION = YES_AGGRESSIVE;
				CLANG_CXX_LANGUAGE_STANDARD = "gnu++14";
				CLANG_CXX_LIBRARY = "libc++";
				CLANG_ENABLE_MODULES = YES;
				CLANG_ENABLE_OBJC_ARC = YES;
				CLANG_WARN_BLOCK_CAPTURE_AUTORELEASING = YES;
				CLANG_WARN_BOOL_CONVERSION = YES;
				CLANG_WARN_COMMA = YES;
				CLANG_WARN_CONSTANT_CONVERSION = YES;
				CLANG_WARN_DIRECT_OBJC_ISA_USAGE = YES_ERROR;
				CLANG_WARN_DOCUMENTATION_COMMENTS = YES;
				CLANG_WARN_EMPTY_BODY = YES;
				CLANG_WARN_ENUM_CONVERSION = YES;
				CLANG_WARN_INFINITE_RECURSION = YES;
				CLANG_WARN_INT_CONVERSION = YES;
				CLANG_WARN_NON_LITERAL_NULL_CONVERSION = YES;
				CLANG_WARN_OBJC_LITERAL_CONVERSION = YES;
				CLANG_WARN_OBJC_ROOT_CLASS = YES_ERROR;
				CLANG_WARN_RANGE_LOOP_ANALYSIS = YES;
				CLANG_WARN_STRICT_PROTOTYPES = YES;
				CLANG_WARN_SUSPICIOUS_MOVE = YES;
				CLANG_WARN_UNGUARDED_AVAILABILITY = YES_AGGRESSIVE;
				CLANG_WARN_UNREACHABLE_CODE = YES;
				CLANG_WARN__DUPLICATE_METHOD_MATCH = YES;
				CODE_SIGN_IDENTITY = "iPhone Developer";
				COPY_PHASE_STRIP = NO;
				DEBUG_INFORMATION_FORMAT = dwarf;
				ENABLE_STRICT_OBJC_MSGSEND = YES;
				ENABLE_TESTABILITY = YES;
				GCC_C_LANGUAGE_STANDARD = gnu11;
				GCC_DYNAMIC_NO_PIC = NO;
				GCC_NO_COMMON_BLOCKS = YES;
				GCC_OPTIMIZATION_LEVEL = 0;
				GCC_PREPROCESSOR_DEFINITIONS = (
					"DEBUG=1",
					"$(inherited)",
				);
				GCC_WARN_64_TO_32_BIT_CONVERSION = YES;
				GCC_WARN_ABOUT_RETURN_TYPE = YES_ERROR;
				GCC_WARN_UNDECLARED_SELECTOR = YES;
				GCC_WARN_UNINITIALIZED_AUTOS = YES_AGGRESSIVE;
				GCC_WARN_UNUSED_FUNCTION = YES;
				GCC_WARN_UNUSED_VARIABLE = YES;
				IPHONEOS_DEPLOYMENT_TARGET = 11.0;
				MTL_ENABLE_DEBUG_INFO = YES;
				ONLY_ACTIVE_ARCH = YES;
				SDKROOT = iphoneos;
				SWIFT_ACTIVE_COMPILATION_CONDITIONS = DEBUG;
				SWIFT_OPTIMIZATION_LEVEL = "-Onone";
			};
			name = Debug;
		};
		DAEBDCD21F833BF5002D1F28 /* Release */ = {
			isa = XCBuildConfiguration;
			buildSettings = {
				ALWAYS_SEARCH_USER_PATHS = NO;
				CLANG_ANALYZER_NONNULL = YES;
				CLANG_ANALYZER_NUMBER_OBJECT_CONVERSION = YES_AGGRESSIVE;
				CLANG_CXX_LANGUAGE_STANDARD = "gnu++14";
				CLANG_CXX_LIBRARY = "libc++";
				CLANG_ENABLE_MODULES = YES;
				CLANG_ENABLE_OBJC_ARC = YES;
				CLANG_WARN_BLOCK_CAPTURE_AUTORELEASING = YES;
				CLANG_WARN_BOOL_CONVERSION = YES;
				CLANG_WARN_COMMA = YES;
				CLANG_WARN_CONSTANT_CONVERSION = YES;
				CLANG_WARN_DIRECT_OBJC_ISA_USAGE = YES_ERROR;
				CLANG_WARN_DOCUMENTATION_COMMENTS = YES;
				CLANG_WARN_EMPTY_BODY = YES;
				CLANG_WARN_ENUM_CONVERSION = YES;
				CLANG_WARN_INFINITE_RECURSION = YES;
				CLANG_WARN_INT_CONVERSION = YES;
				CLANG_WARN_NON_LITERAL_NULL_CONVERSION = YES;
				CLANG_WARN_OBJC_LITERAL_CONVERSION = YES;
				CLANG_WARN_OBJC_ROOT_CLASS = YES_ERROR;
				CLANG_WARN_RANGE_LOOP_ANALYSIS = YES;
				CLANG_WARN_STRICT_PROTOTYPES = YES;
				CLANG_WARN_SUSPICIOUS_MOVE = YES;
				CLANG_WARN_UNGUARDED_AVAILABILITY = YES_AGGRESSIVE;
				CLANG_WARN_UNREACHABLE_CODE = YES;
				CLANG_WARN__DUPLICATE_METHOD_MATCH = YES;
				CODE_SIGN_IDENTITY = "iPhone Developer";
				COPY_PHASE_STRIP = NO;
				DEBUG_INFORMATION_FORMAT = "dwarf-with-dsym";
				ENABLE_NS_ASSERTIONS = NO;
				ENABLE_STRICT_OBJC_MSGSEND = YES;
				GCC_C_LANGUAGE_STANDARD = gnu11;
				GCC_NO_COMMON_BLOCKS = YES;
				GCC_WARN_64_TO_32_BIT_CONVERSION = YES;
				GCC_WARN_ABOUT_RETURN_TYPE = YES_ERROR;
				GCC_WARN_UNDECLARED_SELECTOR = YES;
				GCC_WARN_UNINITIALIZED_AUTOS = YES_AGGRESSIVE;
				GCC_WARN_UNUSED_FUNCTION = YES;
				GCC_WARN_UNUSED_VARIABLE = YES;
				IPHONEOS_DEPLOYMENT_TARGET = 11.0;
				MTL_ENABLE_DEBUG_INFO = NO;
				SDKROOT = iphoneos;
				SWIFT_OPTIMIZATION_LEVEL = "-Owholemodule";
				VALIDATE_PRODUCT = YES;
			};
			name = Release;
		};
		DAEBDCD41F833BF5002D1F28 /* Debug */ = {
			isa = XCBuildConfiguration;
			buildSettings = {
				ASSETCATALOG_COMPILER_APPICON_NAME = AppIcon;
				CODE_SIGN_STYLE = Automatic;
				INFOPLIST_FILE = PatternPractice/Info.plist;
				LD_RUNPATH_SEARCH_PATHS = "$(inherited) @executable_path/Frameworks";
				PRODUCT_BUNDLE_IDENTIFIER = "jp.co.archive-asia.PatternPractice";
				PRODUCT_NAME = "$(TARGET_NAME)";
				SWIFT_VERSION = 4.0;
				TARGETED_DEVICE_FAMILY = "1,2";
			};
			name = Debug;
		};
		DAEBDCD51F833BF5002D1F28 /* Release */ = {
			isa = XCBuildConfiguration;
			buildSettings = {
				ASSETCATALOG_COMPILER_APPICON_NAME = AppIcon;
				CODE_SIGN_STYLE = Automatic;
				INFOPLIST_FILE = PatternPractice/Info.plist;
				LD_RUNPATH_SEARCH_PATHS = "$(inherited) @executable_path/Frameworks";
				PRODUCT_BUNDLE_IDENTIFIER = "jp.co.archive-asia.PatternPractice";
				PRODUCT_NAME = "$(TARGET_NAME)";
				SWIFT_VERSION = 4.0;
				TARGETED_DEVICE_FAMILY = "1,2";
			};
			name = Release;
		};
		DAEBDCD71F833BF5002D1F28 /* Debug */ = {
			isa = XCBuildConfiguration;
			buildSettings = {
				ALWAYS_EMBED_SWIFT_STANDARD_LIBRARIES = YES;
				BUNDLE_LOADER = "$(TEST_HOST)";
				CODE_SIGN_STYLE = Automatic;
				INFOPLIST_FILE = PatternPracticeTests/Info.plist;
				LD_RUNPATH_SEARCH_PATHS = "$(inherited) @executable_path/Frameworks @loader_path/Frameworks";
				PRODUCT_BUNDLE_IDENTIFIER = "jp.co.archive-asia.PatternPracticeTests";
				PRODUCT_NAME = "$(TARGET_NAME)";
				SWIFT_VERSION = 4.0;
				TARGETED_DEVICE_FAMILY = "1,2";
				TEST_HOST = "$(BUILT_PRODUCTS_DIR)/PatternPractice.app/PatternPractice";
			};
			name = Debug;
		};
		DAEBDCD81F833BF5002D1F28 /* Release */ = {
			isa = XCBuildConfiguration;
			buildSettings = {
				ALWAYS_EMBED_SWIFT_STANDARD_LIBRARIES = YES;
				BUNDLE_LOADER = "$(TEST_HOST)";
				CODE_SIGN_STYLE = Automatic;
				INFOPLIST_FILE = PatternPracticeTests/Info.plist;
				LD_RUNPATH_SEARCH_PATHS = "$(inherited) @executable_path/Frameworks @loader_path/Frameworks";
				PRODUCT_BUNDLE_IDENTIFIER = "jp.co.archive-asia.PatternPracticeTests";
				PRODUCT_NAME = "$(TARGET_NAME)";
				SWIFT_VERSION = 4.0;
				TARGETED_DEVICE_FAMILY = "1,2";
				TEST_HOST = "$(BUILT_PRODUCTS_DIR)/PatternPractice.app/PatternPractice";
			};
			name = Release;
		};
		DAEBDCDA1F833BF5002D1F28 /* Debug */ = {
			isa = XCBuildConfiguration;
			buildSettings = {
				ALWAYS_EMBED_SWIFT_STANDARD_LIBRARIES = YES;
				CODE_SIGN_STYLE = Automatic;
				INFOPLIST_FILE = PatternPracticeUITests/Info.plist;
				LD_RUNPATH_SEARCH_PATHS = "$(inherited) @executable_path/Frameworks @loader_path/Frameworks";
				PRODUCT_BUNDLE_IDENTIFIER = "jp.co.archive-asia.PatternPracticeUITests";
				PRODUCT_NAME = "$(TARGET_NAME)";
				SWIFT_VERSION = 4.0;
				TARGETED_DEVICE_FAMILY = "1,2";
				TEST_TARGET_NAME = PatternPractice;
			};
			name = Debug;
		};
		DAEBDCDB1F833BF5002D1F28 /* Release */ = {
			isa = XCBuildConfiguration;
			buildSettings = {
				ALWAYS_EMBED_SWIFT_STANDARD_LIBRARIES = YES;
				CODE_SIGN_STYLE = Automatic;
				INFOPLIST_FILE = PatternPracticeUITests/Info.plist;
				LD_RUNPATH_SEARCH_PATHS = "$(inherited) @executable_path/Frameworks @loader_path/Frameworks";
				PRODUCT_BUNDLE_IDENTIFIER = "jp.co.archive-asia.PatternPracticeUITests";
				PRODUCT_NAME = "$(TARGET_NAME)";
				SWIFT_VERSION = 4.0;
				TARGETED_DEVICE_FAMILY = "1,2";
				TEST_TARGET_NAME = PatternPractice;
			};
			name = Release;
		};
/* End XCBuildConfiguration section */

/* Begin XCConfigurationList section */
		DAEBDCA61F833BF4002D1F28 /* Build configuration list for PBXProject "PatternPractice" */ = {
			isa = XCConfigurationList;
			buildConfigurations = (
				DAEBDCD11F833BF5002D1F28 /* Debug */,
				DAEBDCD21F833BF5002D1F28 /* Release */,
			);
			defaultConfigurationIsVisible = 0;
			defaultConfigurationName = Release;
		};
		DAEBDCD31F833BF5002D1F28 /* Build configuration list for PBXNativeTarget "PatternPractice" */ = {
			isa = XCConfigurationList;
			buildConfigurations = (
				DAEBDCD41F833BF5002D1F28 /* Debug */,
				DAEBDCD51F833BF5002D1F28 /* Release */,
			);
			defaultConfigurationIsVisible = 0;
			defaultConfigurationName = Release;
		};
		DAEBDCD61F833BF5002D1F28 /* Build configuration list for PBXNativeTarget "PatternPracticeTests" */ = {
			isa = XCConfigurationList;
			buildConfigurations = (
				DAEBDCD71F833BF5002D1F28 /* Debug */,
				DAEBDCD81F833BF5002D1F28 /* Release */,
			);
			defaultConfigurationIsVisible = 0;
			defaultConfigurationName = Release;
		};
		DAEBDCD91F833BF5002D1F28 /* Build configuration list for PBXNativeTarget "PatternPracticeUITests" */ = {
			isa = XCConfigurationList;
			buildConfigurations = (
				DAEBDCDA1F833BF5002D1F28 /* Debug */,
				DAEBDCDB1F833BF5002D1F28 /* Release */,
			);
			defaultConfigurationIsVisible = 0;
			defaultConfigurationName = Release;
		};
/* End XCConfigurationList section */
	};
	rootObject = DAEBDCA31F833BF4002D1F28 /* Project object */;
}
